CONTAINERD_VERSION=2.2.1
CNI_PLUGINS_VERSION=v1.9.0
CRICTL_VERSION=v1.35.0
ETCD_VERSION=v3.6.7
CFSSL_VERSION=1.6.5
KUBERNETES_SERVER_VERSION=1.35.0
RUNC_VERSION=1.4.0
NERDCTL_VERSION=2.2.1
CILIUM_CLI_VERSION=v0.18.3
CILIUM_VERSION=1.17.4
LVSCARE_VERSION=v5.1.2-rc3
HELM_VERSION=4.0.4
SKOPEO_VERSION=1.22.0
COREDNS_CHART_VERSION=1.45.2
COREDNS_IMAGE_TAG=1.11.4
REGISTRY_IMAGE=registry:2
PAUSE_IMAGE=registry.k8s.io/pause:3.10
